
Microsoft Visual Studio Solution File, Format Version 12.00
# Visual Studio 15
VisualStudioVersion = 15.0.27004.2002
MinimumVisualStudioVersion = 10.0.40219.1
Project("{FAE04EC0-301F-11D3-BF4B-00C04F79EFBC}") = "AggregationService", "AggregationService\AggregationService.csproj", "{61383401-DE21-4997-9017-3F615F709D7A}"
EndProject
Global
	GlobalSection(SolutionConfigurationPlatforms) = preSolution
		Debug|Any CPU = Debug|Any CPU
		Release|Any CPU = Release|Any CPU
	EndGlobalSection
	GlobalSection(ProjectConfigurationPlatforms) = postSolution
		{61383401-DE21-4997-9017-3F615F709D7A}.Debug|Any CPU.ActiveCfg = Debug|Any CPU
		{61383401-DE21-4997-9017-3F615F709D7A}.Debug|Any CPU.Build.0 = Debug|Any CPU
		{61383401-DE21-4997-9017-3F615F709D7A}.Release|Any CPU.ActiveCfg = Release|Any CPU
		{61383401-DE21-4997-9017-3F615F709D7A}.Release|Any CPU.Build.0 = Release|Any CPU
	EndGlobalSection
	GlobalSection(SolutionProperties) = preSolution
		HideSolutionNode = FALSE
	EndGlobalSection
	GlobalSection(ExtensibilityGlobals) = postSolution
		SolutionGuid = {D245E110-6FCC-4C61-8158-3DF0E6E74C02}
	EndGlobalSection
EndGlobal
