
Microsoft Visual Studio Solution File, Format Version 12.00
# Visual Studio 15
VisualStudioVersion = 15.0.27004.2002
MinimumVisualStudioVersion = 10.0.40219.1
Project("{FAE04EC0-301F-11D3-BF4B-00C04F79EFBC}") = "ArenaService", "ArenaService\ArenaService.csproj", "{4A33D8BD-2AAE-459F-ADD9-0AF85737FD1F}"
EndProject
Global
	GlobalSection(SolutionConfigurationPlatforms) = preSolution
		Debug|Any CPU = Debug|Any CPU
		Release|Any CPU = Release|Any CPU
	EndGlobalSection
	GlobalSection(ProjectConfigurationPlatforms) = postSolution
		{4A33D8BD-2AAE-459F-ADD9-0AF85737FD1F}.Debug|Any CPU.ActiveCfg = Debug|Any CPU
		{4A33D8BD-2AAE-459F-ADD9-0AF85737FD1F}.Debug|Any CPU.Build.0 = Debug|Any CPU
		{4A33D8BD-2AAE-459F-ADD9-0AF85737FD1F}.Release|Any CPU.ActiveCfg = Release|Any CPU
		{4A33D8BD-2AAE-459F-ADD9-0AF85737FD1F}.Release|Any CPU.Build.0 = Release|Any CPU
	EndGlobalSection
	GlobalSection(SolutionProperties) = preSolution
		HideSolutionNode = FALSE
	EndGlobalSection
	GlobalSection(ExtensibilityGlobals) = postSolution
		SolutionGuid = {2970E76F-679B-4425-9F16-39EC3110F6FC}
	EndGlobalSection
EndGlobal
